
Microsoft Visual Studio Solution File, Format Version 12.00
# Visual Studio Version 16
VisualStudioVersion = 16.0.31702.278
MinimumVisualStudioVersion = 10.0.40219.1
Project("{FAE04EC0-301F-11D3-BF4B-00C04F79EFBC}") = "Cms4", "Cms4.csproj", "{CF058DCF-39BB-43DF-8DA5-6C4F74A5C58C}"
EndProject
Project("{FAE04EC0-301F-11D3-BF4B-00C04F79EFBC}") = "DataLayer", "..\DataLayer\DataLayer.csproj", "{A4D2E24C-E1ED-4178-90CB-2B9E8F54FDFB}"
EndProject
Global
	GlobalSection(SolutionConfigurationPlatforms) = preSolution
		Debug|Any CPU = Debug|Any CPU
		Release|Any CPU = Release|Any CPU
	EndGlobalSection
	GlobalSection(ProjectConfigurationPlatforms) = postSolution
		{CF058DCF-39BB-43DF-8DA5-6C4F74A5C58C}.Debug|Any CPU.ActiveCfg = Debug|Any CPU
		{CF058DCF-39BB-43DF-8DA5-6C4F74A5C58C}.Debug|Any CPU.Build.0 = Debug|Any CPU
		{CF058DCF-39BB-43DF-8DA5-6C4F74A5C58C}.Release|Any CPU.ActiveCfg = Release|Any CPU
		{CF058DCF-39BB-43DF-8DA5-6C4F74A5C58C}.Release|Any CPU.Build.0 = Release|Any CPU
		{A4D2E24C-E1ED-4178-90CB-2B9E8F54FDFB}.Debug|Any CPU.ActiveCfg = Debug|Any CPU
		{A4D2E24C-E1ED-4178-90CB-2B9E8F54FDFB}.Debug|Any CPU.Build.0 = Debug|Any CPU
		{A4D2E24C-E1ED-4178-90CB-2B9E8F54FDFB}.Release|Any CPU.ActiveCfg = Release|Any CPU
		{A4D2E24C-E1ED-4178-90CB-2B9E8F54FDFB}.Release|Any CPU.Build.0 = Release|Any CPU
	EndGlobalSection
	GlobalSection(SolutionProperties) = preSolution
		HideSolutionNode = FALSE
	EndGlobalSection
	GlobalSection(ExtensibilityGlobals) = postSolution
		SolutionGuid = {DC43BCF0-219D-4798-A95A-EF80BD034F64}
	EndGlobalSection
EndGlobal
